
Microsoft Visual Studio Solution File, Format Version 12.00
# Visual Studio Version 17
VisualStudioVersion = 17.1.32319.34
MinimumVisualStudioVersion = 10.0.40219.1
Project("{8BC9CEB8-8B4A-11D0-8D11-00A0C91BC942}") = "ADLComp", "ADLComp\ADLComp.vcxproj", "{B421F805-2768-4500-8215-C8414F535E0A}"
EndProject
Project("{8BC9CEB8-8B4A-11D0-8D11-00A0C91BC942}") = "ADLRun", "ADLRun\ADLRun.vcxproj", "{4A51ABB0-51B6-45E6-8FA1-A224DA35EBAE}"
EndProject
Global
	GlobalSection(SolutionConfigurationPlatforms) = preSolution
		Debug|x64 = Debug|x64
		Debug|x86 = Debug|x86
		Release|x64 = Release|x64
		Release|x86 = Release|x86
	EndGlobalSection
	GlobalSection(ProjectConfigurationPlatforms) = postSolution
		{B421F805-2768-4500-8215-C8414F535E0A}.Debug|x64.ActiveCfg = Debug|x64
		{B421F805-2768-4500-8215-C8414F535E0A}.Debug|x64.Build.0 = Debug|x64
		{B421F805-2768-4500-8215-C8414F535E0A}.Debug|x86.ActiveCfg = Debug|Win32
		{B421F805-2768-4500-8215-C8414F535E0A}.Debug|x86.Build.0 = Debug|Win32
		{B421F805-2768-4500-8215-C8414F535E0A}.Release|x64.ActiveCfg = Release|x64
		{B421F805-2768-4500-8215-C8414F535E0A}.Release|x64.Build.0 = Release|x64
		{B421F805-2768-4500-8215-C8414F535E0A}.Release|x86.ActiveCfg = Release|Win32
		{B421F805-2768-4500-8215-C8414F535E0A}.Release|x86.Build.0 = Release|Win32
		{4A51ABB0-51B6-45E6-8FA1-A224DA35EBAE}.Debug|x64.ActiveCfg = Debug|x64
		{4A51ABB0-51B6-45E6-8FA1-A224DA35EBAE}.Debug|x64.Build.0 = Debug|x64
		{4A51ABB0-51B6-45E6-8FA1-A224DA35EBAE}.Debug|x86.ActiveCfg = Debug|Win32
		{4A51ABB0-51B6-45E6-8FA1-A224DA35EBAE}.Debug|x86.Build.0 = Debug|Win32
		{4A51ABB0-51B6-45E6-8FA1-A224DA35EBAE}.Release|x64.ActiveCfg = Release|x64
		{4A51ABB0-51B6-45E6-8FA1-A224DA35EBAE}.Release|x64.Build.0 = Release|x64
		{4A51ABB0-51B6-45E6-8FA1-A224DA35EBAE}.Release|x86.ActiveCfg = Release|Win32
		{4A51ABB0-51B6-45E6-8FA1-A224DA35EBAE}.Release|x86.Build.0 = Release|Win32
	EndGlobalSection
	GlobalSection(SolutionProperties) = preSolution
		HideSolutionNode = FALSE
	EndGlobalSection
	GlobalSection(ExtensibilityGlobals) = postSolution
		SolutionGuid = {BD826E8E-EAC9-429D-9A92-74CBCF5CC12D}
	EndGlobalSection
EndGlobal
