<?xml version="1.0" encoding="utf-8"?>
<Project ToolsVersion="4.0" xmlns="http://schemas.microsoft.com/developer/msbuild/2003">
  <ItemGroup>
    <Filter Include="Pliki źródłowe">
      <UniqueIdentifier>{4FC737F1-C7A5-4376-A066-2A32D752A2FF}</UniqueIdentifier>
      <Extensions>cpp;c;cc;cxx;c++;cppm;ixx;def;odl;idl;hpj;bat;asm;asmx</Extensions>
    </Filter>
    <Filter Include="Pliki nagłówkowe">
      <UniqueIdentifier>{93995380-89BD-4b04-88EB-625FBE52EBFB}</UniqueIdentifier>
      <Extensions>h;hh;hpp;hxx;h++;hm;inl;inc;ipp;xsd</Extensions>
    </Filter>
    <Filter Include="Pliki zasobów">
      <UniqueIdentifier>{67DA6AB6-F800-4c08-8B7A-83BB121AAD01}</UniqueIdentifier>
      <Extensions>rc;ico;cur;bmp;dlg;rc2;rct;bin;rgs;gif;jpg;jpeg;jpe;resx;tiff;tif;png;wav;mfcribbon-ms</Extensions>
    </Filter>
  </ItemGroup>
  <ItemGroup>
    <ClInclude Include="adlcomp_protos.h">
      <Filter>Pliki nagłówkowe</Filter>
    </ClInclude>
    <ClInclude Include="..\Include\adlcomp.h">
      <Filter>Pliki nagłówkowe</Filter>
    </ClInclude>
    <ClInclude Include="..\Include\adldef.h">
      <Filter>Pliki nagłówkowe</Filter>
    </ClInclude>
    <ClInclude Include="..\Include\adlprog.h">
      <Filter>Pliki nagłówkowe</Filter>
    </ClInclude>
    <ClInclude Include="..\Include\adlrun.h">
      <Filter>Pliki nagłówkowe</Filter>
    </ClInclude>
    <ClInclude Include="..\Include\adltypes.h">
      <Filter>Pliki nagłówkowe</Filter>
    </ClInclude>
    <ClInclude Include="..\Include\builtins.h">
      <Filter>Pliki nagłówkowe</Filter>
    </ClInclude>
    <ClInclude Include="..\Include\virtmem.h">
      <Filter>Pliki nagłówkowe</Filter>
    </ClInclude>
    <ClInclude Include="..\Include\vstring.h">
      <Filter>Pliki nagłówkowe</Filter>
    </ClInclude>
  </ItemGroup>
  <ItemGroup>
    <ClCompile Include="adlcomp.c">
      <Filter>Pliki źródłowe</Filter>
    </ClCompile>
    <ClCompile Include="adlglob.c">
      <Filter>Pliki źródłowe</Filter>
    </ClCompile>
    <ClCompile Include="adllex.c">
      <Filter>Pliki źródłowe</Filter>
    </ClCompile>
    <ClCompile Include="adlmisc.c">
      <Filter>Pliki źródłowe</Filter>
    </ClCompile>
    <ClCompile Include="adlmsg.c">
      <Filter>Pliki źródłowe</Filter>
    </ClCompile>
    <ClCompile Include="adlobj.c">
      <Filter>Pliki źródłowe</Filter>
    </ClCompile>
    <ClCompile Include="codegen.c">
      <Filter>Pliki źródłowe</Filter>
    </ClCompile>
    <ClCompile Include="compdict.c">
      <Filter>Pliki źródłowe</Filter>
    </ClCompile>
    <ClCompile Include="predef.c">
      <Filter>Pliki źródłowe</Filter>
    </ClCompile>
    <ClCompile Include="routcomp.c">
      <Filter>Pliki źródłowe</Filter>
    </ClCompile>
    <ClCompile Include="..\Util\mytime.c">
      <Filter>Pliki źródłowe</Filter>
    </ClCompile>
    <ClCompile Include="..\Util\virtmem.c">
      <Filter>Pliki źródłowe</Filter>
    </ClCompile>
    <ClCompile Include="..\Util\vstring.c">
      <Filter>Pliki źródłowe</Filter>
    </ClCompile>
  </ItemGroup>
</Project>